
Microsoft Visual Studio Solution File, Format Version 12.00
# Visual Studio Version 17
VisualStudioVersion = 17.1.32421.90
MinimumVisualStudioVersion = 10.0.40219.1
Project("{FAE04EC0-301F-11D3-BF4B-00C04F79EFBC}") = "01_ValidUsernames", "01_ValidUsernames\01_ValidUsernames.csproj", "{C70819DC-7B87-47B2-827A-C1C4F63D6F1E}"
EndProject
Project("{FAE04EC0-301F-11D3-BF4B-00C04F79EFBC}") = "03_ExtractFile", "03_ExtractFile\03_ExtractFile.csproj", "{A7789D55-B9E2-40F9-A8F5-A2D05F631A54}"
EndProject
Global
	GlobalSection(SolutionConfigurationPlatforms) = preSolution
		Debug|Any CPU = Debug|Any CPU
		Release|Any CPU = Release|Any CPU
	EndGlobalSection
	GlobalSection(ProjectConfigurationPlatforms) = postSolution
		{C70819DC-7B87-47B2-827A-C1C4F63D6F1E}.Debug|Any CPU.ActiveCfg = Debug|Any CPU
		{C70819DC-7B87-47B2-827A-C1C4F63D6F1E}.Debug|Any CPU.Build.0 = Debug|Any CPU
		{C70819DC-7B87-47B2-827A-C1C4F63D6F1E}.Release|Any CPU.ActiveCfg = Release|Any CPU
		{C70819DC-7B87-47B2-827A-C1C4F63D6F1E}.Release|Any CPU.Build.0 = Release|Any CPU
		{A7789D55-B9E2-40F9-A8F5-A2D05F631A54}.Debug|Any CPU.ActiveCfg = Debug|Any CPU
		{A7789D55-B9E2-40F9-A8F5-A2D05F631A54}.Debug|Any CPU.Build.0 = Debug|Any CPU
		{A7789D55-B9E2-40F9-A8F5-A2D05F631A54}.Release|Any CPU.ActiveCfg = Release|Any CPU
		{A7789D55-B9E2-40F9-A8F5-A2D05F631A54}.Release|Any CPU.Build.0 = Release|Any CPU
	EndGlobalSection
	GlobalSection(SolutionProperties) = preSolution
		HideSolutionNode = FALSE
	EndGlobalSection
	GlobalSection(ExtensibilityGlobals) = postSolution
		SolutionGuid = {59D8C709-0671-4674-B78A-95EE54405EC3}
	EndGlobalSection
EndGlobal
