
Microsoft Visual Studio Solution File, Format Version 12.00
# Visual Studio Version 17
VisualStudioVersion = 17.0.32014.148
MinimumVisualStudioVersion = 10.0.40219.1
Project("{FAE04EC0-301F-11D3-BF4B-00C04F79EFBC}") = "01_Age", "01_Age\01_Age.csproj", "{7AAA36BB-3338-413A-9559-AA5E3F7C9B21}"
EndProject
Project("{FAE04EC0-301F-11D3-BF4B-00C04F79EFBC}") = "02_Division", "02_Division\02_Division.csproj", "{33DE3F8D-EB58-4103-B926-101FF8F22DC3}"
EndProject
Project("{FAE04EC0-301F-11D3-BF4B-00C04F79EFBC}") = "03_Vacation", "0_3Vacation\03_Vacation.csproj", "{1D2755D1-549E-40D4-B331-A6210EAEFBB2}"
EndProject
Project("{FAE04EC0-301F-11D3-BF4B-00C04F79EFBC}") = "04_PrintAndSum", "04_PrintAndSum\04_PrintAndSum.csproj", "{6029C6F0-EC36-4A8D-B0DB-0DB94D379EDD}"
EndProject
Project("{FAE04EC0-301F-11D3-BF4B-00C04F79EFBC}") = "05_Login", "05_Login\05_Login.csproj", "{D9CA783E-CCFC-4E86-B7CA-7027F959711B}"
EndProject
Global
	GlobalSection(SolutionConfigurationPlatforms) = preSolution
		Debug|Any CPU = Debug|Any CPU
		Release|Any CPU = Release|Any CPU
	EndGlobalSection
	GlobalSection(ProjectConfigurationPlatforms) = postSolution
		{7AAA36BB-3338-413A-9559-AA5E3F7C9B21}.Debug|Any CPU.ActiveCfg = Debug|Any CPU
		{7AAA36BB-3338-413A-9559-AA5E3F7C9B21}.Debug|Any CPU.Build.0 = Debug|Any CPU
		{7AAA36BB-3338-413A-9559-AA5E3F7C9B21}.Release|Any CPU.ActiveCfg = Release|Any CPU
		{7AAA36BB-3338-413A-9559-AA5E3F7C9B21}.Release|Any CPU.Build.0 = Release|Any CPU
		{33DE3F8D-EB58-4103-B926-101FF8F22DC3}.Debug|Any CPU.ActiveCfg = Debug|Any CPU
		{33DE3F8D-EB58-4103-B926-101FF8F22DC3}.Debug|Any CPU.Build.0 = Debug|Any CPU
		{33DE3F8D-EB58-4103-B926-101FF8F22DC3}.Release|Any CPU.ActiveCfg = Release|Any CPU
		{33DE3F8D-EB58-4103-B926-101FF8F22DC3}.Release|Any CPU.Build.0 = Release|Any CPU
		{1D2755D1-549E-40D4-B331-A6210EAEFBB2}.Debug|Any CPU.ActiveCfg = Debug|Any CPU
		{1D2755D1-549E-40D4-B331-A6210EAEFBB2}.Debug|Any CPU.Build.0 = Debug|Any CPU
		{1D2755D1-549E-40D4-B331-A6210EAEFBB2}.Release|Any CPU.ActiveCfg = Release|Any CPU
		{1D2755D1-549E-40D4-B331-A6210EAEFBB2}.Release|Any CPU.Build.0 = Release|Any CPU
		{6029C6F0-EC36-4A8D-B0DB-0DB94D379EDD}.Debug|Any CPU.ActiveCfg = Debug|Any CPU
		{6029C6F0-EC36-4A8D-B0DB-0DB94D379EDD}.Debug|Any CPU.Build.0 = Debug|Any CPU
		{6029C6F0-EC36-4A8D-B0DB-0DB94D379EDD}.Release|Any CPU.ActiveCfg = Release|Any CPU
		{6029C6F0-EC36-4A8D-B0DB-0DB94D379EDD}.Release|Any CPU.Build.0 = Release|Any CPU
		{D9CA783E-CCFC-4E86-B7CA-7027F959711B}.Debug|Any CPU.ActiveCfg = Debug|Any CPU
		{D9CA783E-CCFC-4E86-B7CA-7027F959711B}.Debug|Any CPU.Build.0 = Debug|Any CPU
		{D9CA783E-CCFC-4E86-B7CA-7027F959711B}.Release|Any CPU.ActiveCfg = Release|Any CPU
		{D9CA783E-CCFC-4E86-B7CA-7027F959711B}.Release|Any CPU.Build.0 = Release|Any CPU
	EndGlobalSection
	GlobalSection(SolutionProperties) = preSolution
		HideSolutionNode = FALSE
	EndGlobalSection
	GlobalSection(ExtensibilityGlobals) = postSolution
		SolutionGuid = {0D3F9035-A46C-4068-B32E-468393ECAE46}
	EndGlobalSection
EndGlobal
