
Microsoft Visual Studio Solution File, Format Version 12.00
# Visual Studio Version 16
VisualStudioVersion = 16.0.31702.278
MinimumVisualStudioVersion = 10.0.40219.1
Project("{9A19103F-16F7-4668-BE54-9A1E7A4F7556}") = "SumSeconds", "SumSeconds\SumSeconds.csproj", "{05F7A7E1-B315-426E-A559-66BE03FE5C10}"
EndProject
Project("{9A19103F-16F7-4668-BE54-9A1E7A4F7556}") = "BonusScore", "BonusScore\BonusScore.csproj", "{ACEA32CD-FC64-42F7-B716-B1139A638B97}"
EndProject
Project("{9A19103F-16F7-4668-BE54-9A1E7A4F7556}") = "TimePlusFifteenMinutes", "TimePlusFifteenMinutes\TimePlusFifteenMinutes.csproj", "{F239701C-EC19-4311-83DF-4225AE36300F}"
EndProject
Project("{9A19103F-16F7-4668-BE54-9A1E7A4F7556}") = "ToyShop", "ToyShop\ToyShop.csproj", "{1885281F-F71D-4357-8564-11846569091F}"
EndProject
Project("{FAE04EC0-301F-11D3-BF4B-00C04F79EFBC}") = "GodzillaVsKong", "GodzillaVsKong\GodzillaVsKong.csproj", "{8BDDB629-88A4-4394-82C6-C2C8162145C6}"
EndProject
Project("{FAE04EC0-301F-11D3-BF4B-00C04F79EFBC}") = "WorldSwimmingRecord", "WorldSwimmingRecord\WorldSwimmingRecord.csproj", "{A4D39B58-0471-47E2-8944-EE3D0A87AACD}"
EndProject
Global
	GlobalSection(SolutionConfigurationPlatforms) = preSolution
		Debug|Any CPU = Debug|Any CPU
		Release|Any CPU = Release|Any CPU
	EndGlobalSection
	GlobalSection(ProjectConfigurationPlatforms) = postSolution
		{05F7A7E1-B315-426E-A559-66BE03FE5C10}.Debug|Any CPU.ActiveCfg = Debug|Any CPU
		{05F7A7E1-B315-426E-A559-66BE03FE5C10}.Debug|Any CPU.Build.0 = Debug|Any CPU
		{05F7A7E1-B315-426E-A559-66BE03FE5C10}.Release|Any CPU.ActiveCfg = Release|Any CPU
		{05F7A7E1-B315-426E-A559-66BE03FE5C10}.Release|Any CPU.Build.0 = Release|Any CPU
		{ACEA32CD-FC64-42F7-B716-B1139A638B97}.Debug|Any CPU.ActiveCfg = Debug|Any CPU
		{ACEA32CD-FC64-42F7-B716-B1139A638B97}.Debug|Any CPU.Build.0 = Debug|Any CPU
		{ACEA32CD-FC64-42F7-B716-B1139A638B97}.Release|Any CPU.ActiveCfg = Release|Any CPU
		{ACEA32CD-FC64-42F7-B716-B1139A638B97}.Release|Any CPU.Build.0 = Release|Any CPU
		{F239701C-EC19-4311-83DF-4225AE36300F}.Debug|Any CPU.ActiveCfg = Debug|Any CPU
		{F239701C-EC19-4311-83DF-4225AE36300F}.Debug|Any CPU.Build.0 = Debug|Any CPU
		{F239701C-EC19-4311-83DF-4225AE36300F}.Release|Any CPU.ActiveCfg = Release|Any CPU
		{F239701C-EC19-4311-83DF-4225AE36300F}.Release|Any CPU.Build.0 = Release|Any CPU
		{1885281F-F71D-4357-8564-11846569091F}.Debug|Any CPU.ActiveCfg = Debug|Any CPU
		{1885281F-F71D-4357-8564-11846569091F}.Debug|Any CPU.Build.0 = Debug|Any CPU
		{1885281F-F71D-4357-8564-11846569091F}.Release|Any CPU.ActiveCfg = Release|Any CPU
		{1885281F-F71D-4357-8564-11846569091F}.Release|Any CPU.Build.0 = Release|Any CPU
		{8BDDB629-88A4-4394-82C6-C2C8162145C6}.Debug|Any CPU.ActiveCfg = Debug|Any CPU
		{8BDDB629-88A4-4394-82C6-C2C8162145C6}.Debug|Any CPU.Build.0 = Debug|Any CPU
		{8BDDB629-88A4-4394-82C6-C2C8162145C6}.Release|Any CPU.ActiveCfg = Release|Any CPU
		{8BDDB629-88A4-4394-82C6-C2C8162145C6}.Release|Any CPU.Build.0 = Release|Any CPU
		{A4D39B58-0471-47E2-8944-EE3D0A87AACD}.Debug|Any CPU.ActiveCfg = Debug|Any CPU
		{A4D39B58-0471-47E2-8944-EE3D0A87AACD}.Debug|Any CPU.Build.0 = Debug|Any CPU
		{A4D39B58-0471-47E2-8944-EE3D0A87AACD}.Release|Any CPU.ActiveCfg = Release|Any CPU
		{A4D39B58-0471-47E2-8944-EE3D0A87AACD}.Release|Any CPU.Build.0 = Release|Any CPU
	EndGlobalSection
	GlobalSection(SolutionProperties) = preSolution
		HideSolutionNode = FALSE
	EndGlobalSection
	GlobalSection(ExtensibilityGlobals) = postSolution
		SolutionGuid = {BD8C42AF-A02F-4927-A9DD-4876DDD9A96B}
	EndGlobalSection
EndGlobal
