
Microsoft Visual Studio Solution File, Format Version 12.00
Project("{FAE04EC0-301F-11D3-BF4B-00C04F79EFBC}") = "DayOfWeak", "DayOfWeak\DayOfWeak.csproj", "{1C92BD5A-A14E-43D3-A0AE-A0D4405FA1FA}"
EndProject
Project("{FAE04EC0-301F-11D3-BF4B-00C04F79EFBC}") = "WeekendOrWorkingDay", "WeekendOrWorkingDay\WeekendOrWorkingDay.csproj", "{31BE2B97-252C-4F11-BA7F-E9547E21B87E}"
EndProject
Project("{FAE04EC0-301F-11D3-BF4B-00C04F79EFBC}") = "AnimalType", "AnimalType\AnimalType.csproj", "{58FD36E7-D66B-425B-8A36-649AE4A5B242}"
EndProject
Project("{FAE04EC0-301F-11D3-BF4B-00C04F79EFBC}") = "PersonalTitles", "PersonalTitles\PersonalTitles.csproj", "{5DBD55F6-35E0-4046-9805-B48CD5145187}"
EndProject
Project("{FAE04EC0-301F-11D3-BF4B-00C04F79EFBC}") = "SmallShop", "SmallShop\SmallShop.csproj", "{F8787C4F-BB8D-4779-AD5D-D878BE3AEB0B}"
EndProject
Project("{FAE04EC0-301F-11D3-BF4B-00C04F79EFBC}") = "NumberInRange", "NumberInRange\NumberInRange.csproj", "{3CBE600A-E0C8-41DF-9199-72EC50A0D3A1}"
EndProject
Project("{FAE04EC0-301F-11D3-BF4B-00C04F79EFBC}") = "WorkingHours", "WorkingHours\WorkingHours.csproj", "{21186C13-BC6E-4FA6-AE4E-63223800C541}"
EndProject
Project("{FAE04EC0-301F-11D3-BF4B-00C04F79EFBC}") = "CinemaTicket", "CinemaTicket\CinemaTicket.csproj", "{EC6BC84B-291F-49B4-B963-B48A9AE4772A}"
EndProject
Project("{FAE04EC0-301F-11D3-BF4B-00C04F79EFBC}") = "FruitOrVegetable", "FruitOrVegetable\FruitOrVegetable.csproj", "{804CAA70-E09E-4CBD-8D51-37855AFF55D3}"
EndProject
Project("{FAE04EC0-301F-11D3-BF4B-00C04F79EFBC}") = "InvalidNumber", "InvalidNumber\InvalidNumber.csproj", "{1FDB1D9C-C8C1-42A5-8BE7-EA0B402CB91C}"
EndProject
Project("{FAE04EC0-301F-11D3-BF4B-00C04F79EFBC}") = "FruitShop", "FruitShop\FruitShop.csproj", "{1E159803-9D4F-4946-A668-DAB50E92BA72}"
EndProject
Project("{FAE04EC0-301F-11D3-BF4B-00C04F79EFBC}") = "TradeCommissions", "TradeCommissions\TradeCommissions.csproj", "{6CE764EB-D5EE-4C86-8913-96A54B6435D5}"
EndProject
Global
	GlobalSection(SolutionConfigurationPlatforms) = preSolution
		Debug|Any CPU = Debug|Any CPU
		Release|Any CPU = Release|Any CPU
	EndGlobalSection
	GlobalSection(ProjectConfigurationPlatforms) = postSolution
		{1C92BD5A-A14E-43D3-A0AE-A0D4405FA1FA}.Debug|Any CPU.ActiveCfg = Debug|Any CPU
		{1C92BD5A-A14E-43D3-A0AE-A0D4405FA1FA}.Debug|Any CPU.Build.0 = Debug|Any CPU
		{1C92BD5A-A14E-43D3-A0AE-A0D4405FA1FA}.Release|Any CPU.ActiveCfg = Release|Any CPU
		{1C92BD5A-A14E-43D3-A0AE-A0D4405FA1FA}.Release|Any CPU.Build.0 = Release|Any CPU
		{31BE2B97-252C-4F11-BA7F-E9547E21B87E}.Debug|Any CPU.ActiveCfg = Debug|Any CPU
		{31BE2B97-252C-4F11-BA7F-E9547E21B87E}.Debug|Any CPU.Build.0 = Debug|Any CPU
		{31BE2B97-252C-4F11-BA7F-E9547E21B87E}.Release|Any CPU.ActiveCfg = Release|Any CPU
		{31BE2B97-252C-4F11-BA7F-E9547E21B87E}.Release|Any CPU.Build.0 = Release|Any CPU
		{58FD36E7-D66B-425B-8A36-649AE4A5B242}.Debug|Any CPU.ActiveCfg = Debug|Any CPU
		{58FD36E7-D66B-425B-8A36-649AE4A5B242}.Debug|Any CPU.Build.0 = Debug|Any CPU
		{58FD36E7-D66B-425B-8A36-649AE4A5B242}.Release|Any CPU.ActiveCfg = Release|Any CPU
		{58FD36E7-D66B-425B-8A36-649AE4A5B242}.Release|Any CPU.Build.0 = Release|Any CPU
		{5DBD55F6-35E0-4046-9805-B48CD5145187}.Debug|Any CPU.ActiveCfg = Debug|Any CPU
		{5DBD55F6-35E0-4046-9805-B48CD5145187}.Debug|Any CPU.Build.0 = Debug|Any CPU
		{5DBD55F6-35E0-4046-9805-B48CD5145187}.Release|Any CPU.ActiveCfg = Release|Any CPU
		{5DBD55F6-35E0-4046-9805-B48CD5145187}.Release|Any CPU.Build.0 = Release|Any CPU
		{F8787C4F-BB8D-4779-AD5D-D878BE3AEB0B}.Debug|Any CPU.ActiveCfg = Debug|Any CPU
		{F8787C4F-BB8D-4779-AD5D-D878BE3AEB0B}.Debug|Any CPU.Build.0 = Debug|Any CPU
		{F8787C4F-BB8D-4779-AD5D-D878BE3AEB0B}.Release|Any CPU.ActiveCfg = Release|Any CPU
		{F8787C4F-BB8D-4779-AD5D-D878BE3AEB0B}.Release|Any CPU.Build.0 = Release|Any CPU
		{3CBE600A-E0C8-41DF-9199-72EC50A0D3A1}.Debug|Any CPU.ActiveCfg = Debug|Any CPU
		{3CBE600A-E0C8-41DF-9199-72EC50A0D3A1}.Debug|Any CPU.Build.0 = Debug|Any CPU
		{3CBE600A-E0C8-41DF-9199-72EC50A0D3A1}.Release|Any CPU.ActiveCfg = Release|Any CPU
		{3CBE600A-E0C8-41DF-9199-72EC50A0D3A1}.Release|Any CPU.Build.0 = Release|Any CPU
		{21186C13-BC6E-4FA6-AE4E-63223800C541}.Debug|Any CPU.ActiveCfg = Debug|Any CPU
		{21186C13-BC6E-4FA6-AE4E-63223800C541}.Debug|Any CPU.Build.0 = Debug|Any CPU
		{21186C13-BC6E-4FA6-AE4E-63223800C541}.Release|Any CPU.ActiveCfg = Release|Any CPU
		{21186C13-BC6E-4FA6-AE4E-63223800C541}.Release|Any CPU.Build.0 = Release|Any CPU
		{EC6BC84B-291F-49B4-B963-B48A9AE4772A}.Debug|Any CPU.ActiveCfg = Debug|Any CPU
		{EC6BC84B-291F-49B4-B963-B48A9AE4772A}.Debug|Any CPU.Build.0 = Debug|Any CPU
		{EC6BC84B-291F-49B4-B963-B48A9AE4772A}.Release|Any CPU.ActiveCfg = Release|Any CPU
		{EC6BC84B-291F-49B4-B963-B48A9AE4772A}.Release|Any CPU.Build.0 = Release|Any CPU
		{804CAA70-E09E-4CBD-8D51-37855AFF55D3}.Debug|Any CPU.ActiveCfg = Debug|Any CPU
		{804CAA70-E09E-4CBD-8D51-37855AFF55D3}.Debug|Any CPU.Build.0 = Debug|Any CPU
		{804CAA70-E09E-4CBD-8D51-37855AFF55D3}.Release|Any CPU.ActiveCfg = Release|Any CPU
		{804CAA70-E09E-4CBD-8D51-37855AFF55D3}.Release|Any CPU.Build.0 = Release|Any CPU
		{1FDB1D9C-C8C1-42A5-8BE7-EA0B402CB91C}.Debug|Any CPU.ActiveCfg = Debug|Any CPU
		{1FDB1D9C-C8C1-42A5-8BE7-EA0B402CB91C}.Debug|Any CPU.Build.0 = Debug|Any CPU
		{1FDB1D9C-C8C1-42A5-8BE7-EA0B402CB91C}.Release|Any CPU.ActiveCfg = Release|Any CPU
		{1FDB1D9C-C8C1-42A5-8BE7-EA0B402CB91C}.Release|Any CPU.Build.0 = Release|Any CPU
		{1E159803-9D4F-4946-A668-DAB50E92BA72}.Debug|Any CPU.ActiveCfg = Debug|Any CPU
		{1E159803-9D4F-4946-A668-DAB50E92BA72}.Debug|Any CPU.Build.0 = Debug|Any CPU
		{1E159803-9D4F-4946-A668-DAB50E92BA72}.Release|Any CPU.ActiveCfg = Release|Any CPU
		{1E159803-9D4F-4946-A668-DAB50E92BA72}.Release|Any CPU.Build.0 = Release|Any CPU
		{6CE764EB-D5EE-4C86-8913-96A54B6435D5}.Debug|Any CPU.ActiveCfg = Debug|Any CPU
		{6CE764EB-D5EE-4C86-8913-96A54B6435D5}.Debug|Any CPU.Build.0 = Debug|Any CPU
		{6CE764EB-D5EE-4C86-8913-96A54B6435D5}.Release|Any CPU.ActiveCfg = Release|Any CPU
		{6CE764EB-D5EE-4C86-8913-96A54B6435D5}.Release|Any CPU.Build.0 = Release|Any CPU
	EndGlobalSection
EndGlobal
