
Microsoft Visual Studio Solution File, Format Version 12.00
Project("{FAE04EC0-301F-11D3-BF4B-00C04F79EFBC}") = "Test", "Test\Test.csproj", "{7DC06083-F68D-44BF-95C4-78227DE938AA}"
EndProject
Project("{FAE04EC0-301F-11D3-BF4B-00C04F79EFBC}") = "ConsoleApp1", "ConsoleApp1\ConsoleApp1.csproj", "{A08FBAA0-92F9-4DEE-9FC7-B111199986AD}"
EndProject
Global
	GlobalSection(SolutionConfigurationPlatforms) = preSolution
		Debug|Any CPU = Debug|Any CPU
		Release|Any CPU = Release|Any CPU
	EndGlobalSection
	GlobalSection(ProjectConfigurationPlatforms) = postSolution
		{7DC06083-F68D-44BF-95C4-78227DE938AA}.Debug|Any CPU.ActiveCfg = Debug|Any CPU
		{7DC06083-F68D-44BF-95C4-78227DE938AA}.Debug|Any CPU.Build.0 = Debug|Any CPU
		{7DC06083-F68D-44BF-95C4-78227DE938AA}.Release|Any CPU.ActiveCfg = Release|Any CPU
		{7DC06083-F68D-44BF-95C4-78227DE938AA}.Release|Any CPU.Build.0 = Release|Any CPU
		{A08FBAA0-92F9-4DEE-9FC7-B111199986AD}.Debug|Any CPU.ActiveCfg = Debug|Any CPU
		{A08FBAA0-92F9-4DEE-9FC7-B111199986AD}.Debug|Any CPU.Build.0 = Debug|Any CPU
		{A08FBAA0-92F9-4DEE-9FC7-B111199986AD}.Release|Any CPU.ActiveCfg = Release|Any CPU
		{A08FBAA0-92F9-4DEE-9FC7-B111199986AD}.Release|Any CPU.Build.0 = Release|Any CPU
	EndGlobalSection
EndGlobal
