
Microsoft Visual Studio Solution File, Format Version 12.00
# Visual Studio Version 16
VisualStudioVersion = 16.0.31702.278
MinimumVisualStudioVersion = 10.0.40219.1
Project("{FAE04EC0-301F-11D3-BF4B-00C04F79EFBC}") = "ExcellentResult", "ExcellentResult\ExcellentResult.csproj", "{9CD8B662-D7A0-4AD2-A558-3FAB22A23FAD}"
EndProject
Global
	GlobalSection(SolutionConfigurationPlatforms) = preSolution
		Debug|Any CPU = Debug|Any CPU
		Release|Any CPU = Release|Any CPU
	EndGlobalSection
	GlobalSection(ProjectConfigurationPlatforms) = postSolution
		{9CD8B662-D7A0-4AD2-A558-3FAB22A23FAD}.Debug|Any CPU.ActiveCfg = Debug|Any CPU
		{9CD8B662-D7A0-4AD2-A558-3FAB22A23FAD}.Debug|Any CPU.Build.0 = Debug|Any CPU
		{9CD8B662-D7A0-4AD2-A558-3FAB22A23FAD}.Release|Any CPU.ActiveCfg = Release|Any CPU
		{9CD8B662-D7A0-4AD2-A558-3FAB22A23FAD}.Release|Any CPU.Build.0 = Release|Any CPU
	EndGlobalSection
	GlobalSection(SolutionProperties) = preSolution
		HideSolutionNode = FALSE
	EndGlobalSection
	GlobalSection(ExtensibilityGlobals) = postSolution
		SolutionGuid = {4CD4CBF3-4656-488C-AF47-6DD3677530A9}
	EndGlobalSection
EndGlobal
